
Microsoft Visual Studio Solution File, Format Version 12.00
# Visual Studio 15
Project("{FAE04EC0-301F-11D3-BF4B-00C04F79EFBC}") = "chatlist4", "chatlist4\chatlist4.csproj", "{D41D5411-EE75-47E7-B5E6-89C38B50ADD0}"
EndProject
Global
	GlobalSection(SolutionConfigurationPlatforms) = preSolution
		Debug|x86 = Debug|x86
		Release|x86 = Release|x86
	EndGlobalSection
	GlobalSection(ProjectConfigurationPlatforms) = postSolution
		{D41D5411-EE75-47E7-B5E6-89C38B50ADD0}.Debug|x86.ActiveCfg = Debug|x86
		{D41D5411-EE75-47E7-B5E6-89C38B50ADD0}.Debug|x86.Build.0 = Debug|x86
		{D41D5411-EE75-47E7-B5E6-89C38B50ADD0}.Release|x86.ActiveCfg = Release|x86
		{D41D5411-EE75-47E7-B5E6-89C38B50ADD0}.Release|x86.Build.0 = Release|x86
	EndGlobalSection
EndGlobal
