
Microsoft Visual Studio Solution File, Format Version 12.00
# Visual Studio 15
Project("{FAE04EC0-301F-11D3-BF4B-00C04F79EFBC}") = "aps_concluido", "aps_concluido\aps_concluido.csproj", "{E1FE78F1-865A-4CE6-88F6-FB91DC6D8FCF}"
EndProject
Global
	GlobalSection(SolutionConfigurationPlatforms) = preSolution
		Debug|x86 = Debug|x86
		Release|x86 = Release|x86
	EndGlobalSection
	GlobalSection(ProjectConfigurationPlatforms) = postSolution
		{E1FE78F1-865A-4CE6-88F6-FB91DC6D8FCF}.Debug|x86.ActiveCfg = Debug|x86
		{E1FE78F1-865A-4CE6-88F6-FB91DC6D8FCF}.Debug|x86.Build.0 = Debug|x86
		{E1FE78F1-865A-4CE6-88F6-FB91DC6D8FCF}.Release|x86.ActiveCfg = Release|x86
		{E1FE78F1-865A-4CE6-88F6-FB91DC6D8FCF}.Release|x86.Build.0 = Release|x86
	EndGlobalSection
EndGlobal
