
Microsoft Visual Studio Solution File, Format Version 12.00
# Visual Studio 2012
Project("{FAE04EC0-301F-11D3-BF4B-00C04F79EFBC}") = "Aula_2", "Aula_2\Aula_2.csproj", "{F857164A-C2E6-4349-9B8A-0B18FA1C65D8}"
EndProject
Global
	GlobalSection(SolutionConfigurationPlatforms) = preSolution
		Debug|Any CPU = Debug|Any CPU
		Release|Any CPU = Release|Any CPU
	EndGlobalSection
	GlobalSection(ProjectConfigurationPlatforms) = postSolution
		{F857164A-C2E6-4349-9B8A-0B18FA1C65D8}.Debug|Any CPU.ActiveCfg = Debug|Any CPU
		{F857164A-C2E6-4349-9B8A-0B18FA1C65D8}.Debug|Any CPU.Build.0 = Debug|Any CPU
		{F857164A-C2E6-4349-9B8A-0B18FA1C65D8}.Release|Any CPU.ActiveCfg = Release|Any CPU
		{F857164A-C2E6-4349-9B8A-0B18FA1C65D8}.Release|Any CPU.Build.0 = Release|Any CPU
	EndGlobalSection
EndGlobal
