
Microsoft Visual Studio Solution File, Format Version 12.00
# Visual Studio 15
Project("{FAE04EC0-301F-11D3-BF4B-00C04F79EFBC}") = "qualquercoisa", "qualquercoisa\qualquercoisa.csproj", "{D45D5268-4592-45FD-BE14-9C015B99D365}"
EndProject
Global
	GlobalSection(SolutionConfigurationPlatforms) = preSolution
		Debug|x86 = Debug|x86
		Release|x86 = Release|x86
	EndGlobalSection
	GlobalSection(ProjectConfigurationPlatforms) = postSolution
		{D45D5268-4592-45FD-BE14-9C015B99D365}.Debug|x86.ActiveCfg = Debug|x86
		{D45D5268-4592-45FD-BE14-9C015B99D365}.Debug|x86.Build.0 = Debug|x86
		{D45D5268-4592-45FD-BE14-9C015B99D365}.Release|x86.ActiveCfg = Release|x86
		{D45D5268-4592-45FD-BE14-9C015B99D365}.Release|x86.Build.0 = Release|x86
	EndGlobalSection
EndGlobal
